
Microsoft Visual Studio Solution File, Format Version 12.00
# Visual Studio Version 17
VisualStudioVersion = 17.4.33205.214
MinimumVisualStudioVersion = 10.0.40219.1
Project("{FAE04EC0-301F-11D3-BF4B-00C04F79EFBC}") = "SATO2x1LabelPrintProgram", "SATO2x1LabelPrintProgram\SATO2x1LabelPrintProgram.csproj", "{24AFEC8B-2E6E-43E1-AE6E-0BF794EC71C3}"
EndProject
Global
	GlobalSection(SolutionConfigurationPlatforms) = preSolution
		Debug|Any CPU = Debug|Any CPU
		Release|Any CPU = Release|Any CPU
	EndGlobalSection
	GlobalSection(ProjectConfigurationPlatforms) = postSolution
		{24AFEC8B-2E6E-43E1-AE6E-0BF794EC71C3}.Debug|Any CPU.ActiveCfg = Debug|Any CPU
		{24AFEC8B-2E6E-43E1-AE6E-0BF794EC71C3}.Debug|Any CPU.Build.0 = Debug|Any CPU
		{24AFEC8B-2E6E-43E1-AE6E-0BF794EC71C3}.Release|Any CPU.ActiveCfg = Release|Any CPU
		{24AFEC8B-2E6E-43E1-AE6E-0BF794EC71C3}.Release|Any CPU.Build.0 = Release|Any CPU
	EndGlobalSection
	GlobalSection(SolutionProperties) = preSolution
		HideSolutionNode = FALSE
	EndGlobalSection
	GlobalSection(ExtensibilityGlobals) = postSolution
		SolutionGuid = {B23A04C2-D451-452B-BA8D-900D0D936B79}
	EndGlobalSection
EndGlobal
